// !$*UTF8*$!
{
	archiveVersion = 1;
	classes = {
	};
	objectVersion = 52;
	objects = {

/* Begin PBXBuildFile section */
		2A15B5CD24C64014007980A8 /* TournamentKitTests.swift in Sources */ = {isa = PBXBuildFile; fileRef = 2A15B5CC24C64014007980A8 /* TournamentKitTests.swift */; };
		2A15B5CF24C64014007980A8 /* TournamentKit.framework in Frameworks */ = {isa = PBXBuildFile; fileRef = 2A792ED924C1B7D40050D0CA /* TournamentKit.framework */; };
		2A15B5D624C6401F007980A8 /* Player.swift in Sources */ = {isa = PBXBuildFile; fileRef = 2A15B5D524C6401F007980A8 /* Player.swift */; };
		2A15B5D824C640C8007980A8 /* MatchResult.swift in Sources */ = {isa = PBXBuildFile; fileRef = 2A15B5D724C640C8007980A8 /* MatchResult.swift */; };
		2A15B5DA24C6418B007980A8 /* Match.swift in Sources */ = {isa = PBXBuildFile; fileRef = 2A15B5D924C6418B007980A8 /* Match.swift */; };
		2A15B5DD24C641C9007980A8 /* MatchType.swift in Sources */ = {isa = PBXBuildFile; fileRef = 2A15B5DC24C641C9007980A8 /* MatchType.swift */; };
		2A15B5DF24C6434B007980A8 /* MatchDay.swift in Sources */ = {isa = PBXBuildFile; fileRef = 2A15B5DE24C6434B007980A8 /* MatchDay.swift */; };
		2A15B5E124C64376007980A8 /* RoundRobinTournament.swift in Sources */ = {isa = PBXBuildFile; fileRef = 2A15B5E024C64376007980A8 /* RoundRobinTournament.swift */; };
		2A763B7224C5A7D80007DA57 /* MatchTypeScoringConfiguration.swift in Sources */ = {isa = PBXBuildFile; fileRef = 2A763B7124C5A7D80007DA57 /* MatchTypeScoringConfiguration.swift */; };
		2A763B7824C5A8B50007DA57 /* ScoringOptions.strings in Resources */ = {isa = PBXBuildFile; fileRef = 2A763B7A24C5A8B50007DA57 /* ScoringOptions.strings */; };
		2A763B7B24C5A8B70007DA57 /* ScoringOptions.stringsdict in Resources */ = {isa = PBXBuildFile; fileRef = 2A763B7D24C5A8B70007DA57 /* ScoringOptions.stringsdict */; };
		2A763B8224C5AC2C0007DA57 /* TournamentManager.swift in Sources */ = {isa = PBXBuildFile; fileRef = 2A763B8124C5AC2C0007DA57 /* TournamentManager.swift */; };
		2A792EDE24C1B7D40050D0CA /* TournamentKit.h in Headers */ = {isa = PBXBuildFile; fileRef = 2A792EDC24C1B7D40050D0CA /* TournamentKit.h */; settings = {ATTRIBUTES = (Public, ); }; };
		2A792EE524C1B8030050D0CA /* Match.swift in Sources */ = {isa = PBXBuildFile; fileRef = 2A792EE424C1B8030050D0CA /* Match.swift */; };
		2A792EE724C1B8120050D0CA /* Player.swift in Sources */ = {isa = PBXBuildFile; fileRef = 2A792EE624C1B8120050D0CA /* Player.swift */; };
		2A792EE924C1B8170050D0CA /* Team.swift in Sources */ = {isa = PBXBuildFile; fileRef = 2A792EE824C1B8170050D0CA /* Team.swift */; };
		2A792EEB24C1B8530050D0CA /* MatchParticipation.swift in Sources */ = {isa = PBXBuildFile; fileRef = 2A792EEA24C1B8530050D0CA /* MatchParticipation.swift */; };
		2A792EED24C1B9770050D0CA /* MatchType.swift in Sources */ = {isa = PBXBuildFile; fileRef = 2A792EEC24C1B9770050D0CA /* MatchType.swift */; };
		2A792EEF24C1B9A00050D0CA /* MatchResult.swift in Sources */ = {isa = PBXBuildFile; fileRef = 2A792EEE24C1B9A00050D0CA /* MatchResult.swift */; };
		2A792EF124C1BB6D0050D0CA /* MatchDay.swift in Sources */ = {isa = PBXBuildFile; fileRef = 2A792EF024C1BB6D0050D0CA /* MatchDay.swift */; };
		2A792EF324C1BBE70050D0CA /* Tournament.swift in Sources */ = {isa = PBXBuildFile; fileRef = 2A792EF224C1BBE70050D0CA /* Tournament.swift */; };
		2A792EF524C1CB1C0050D0CA /* RoundRobinTournament.swift in Sources */ = {isa = PBXBuildFile; fileRef = 2A792EF424C1CB1C0050D0CA /* RoundRobinTournament.swift */; };
		2AD2C76D24C70A2C00126BF5 /* TournamentKitWrongResultsTests.swift in Sources */ = {isa = PBXBuildFile; fileRef = 2AD2C76C24C70A2B00126BF5 /* TournamentKitWrongResultsTests.swift */; };
		2AD2C76F24C70A5900126BF5 /* TestHelper.swift in Sources */ = {isa = PBXBuildFile; fileRef = 2AD2C76E24C70A5900126BF5 /* TestHelper.swift */; };
/* End PBXBuildFile section */

/* Begin PBXContainerItemProxy section */
		2A15B5D024C64014007980A8 /* PBXContainerItemProxy */ = {
			isa = PBXContainerItemProxy;
			containerPortal = 2A792ED024C1B7D40050D0CA /* Project object */;
			proxyType = 1;
			remoteGlobalIDString = 2A792ED824C1B7D40050D0CA;
			remoteInfo = TournamentKit;
		};
/* End PBXContainerItemProxy section */

/* Begin PBXFileReference section */
		2A15B5CA24C64014007980A8 /* TournamentKitTests.xctest */ = {isa = PBXFileReference; explicitFileType = wrapper.cfbundle; includeInIndex = 0; path = TournamentKitTests.xctest; sourceTree = BUILT_PRODUCTS_DIR; };
		2A15B5CC24C64014007980A8 /* TournamentKitTests.swift */ = {isa = PBXFileReference; lastKnownFileType = sourcecode.swift; path = TournamentKitTests.swift; sourceTree = "<group>"; };
		2A15B5CE24C64014007980A8 /* Info.plist */ = {isa = PBXFileReference; lastKnownFileType = text.plist.xml; path = Info.plist; sourceTree = "<group>"; };
		2A15B5D524C6401F007980A8 /* Player.swift */ = {isa = PBXFileReference; lastKnownFileType = sourcecode.swift; path = Player.swift; sourceTree = "<group>"; };
		2A15B5D724C640C8007980A8 /* MatchResult.swift */ = {isa = PBXFileReference; lastKnownFileType = sourcecode.swift; path = MatchResult.swift; sourceTree = "<group>"; };
		2A15B5D924C6418B007980A8 /* Match.swift */ = {isa = PBXFileReference; lastKnownFileType = sourcecode.swift; path = Match.swift; sourceTree = "<group>"; };
		2A15B5DC24C641C9007980A8 /* MatchType.swift */ = {isa = PBXFileReference; lastKnownFileType = sourcecode.swift; path = MatchType.swift; sourceTree = "<group>"; };
		2A15B5DE24C6434B007980A8 /* MatchDay.swift */ = {isa = PBXFileReference; lastKnownFileType = sourcecode.swift; path = MatchDay.swift; sourceTree = "<group>"; };
		2A15B5E024C64376007980A8 /* RoundRobinTournament.swift */ = {isa = PBXFileReference; lastKnownFileType = sourcecode.swift; path = RoundRobinTournament.swift; sourceTree = "<group>"; };
		2A763B7124C5A7D80007DA57 /* MatchTypeScoringConfiguration.swift */ = {isa = PBXFileReference; fileEncoding = 4; lastKnownFileType = sourcecode.swift; path = MatchTypeScoringConfiguration.swift; sourceTree = "<group>"; };
		2A763B7924C5A8B50007DA57 /* en */ = {isa = PBXFileReference; lastKnownFileType = text.plist.strings; name = en; path = en.lproj/ScoringOptions.strings; sourceTree = "<group>"; };
		2A763B7C24C5A8B70007DA57 /* en */ = {isa = PBXFileReference; lastKnownFileType = text.plist.stringsdict; name = en; path = en.lproj/ScoringOptions.stringsdict; sourceTree = "<group>"; };
		2A763B7E24C5A8C40007DA57 /* de */ = {isa = PBXFileReference; lastKnownFileType = text.plist.strings; name = de; path = de.lproj/ScoringOptions.strings; sourceTree = "<group>"; };
		2A763B7F24C5A8C40007DA57 /* de */ = {isa = PBXFileReference; lastKnownFileType = text.plist.stringsdict; name = de; path = de.lproj/ScoringOptions.stringsdict; sourceTree = "<group>"; };
		2A763B8124C5AC2C0007DA57 /* TournamentManager.swift */ = {isa = PBXFileReference; lastKnownFileType = sourcecode.swift; path = TournamentManager.swift; sourceTree = "<group>"; };
		2A792ED924C1B7D40050D0CA /* TournamentKit.framework */ = {isa = PBXFileReference; explicitFileType = wrapper.framework; includeInIndex = 0; path = TournamentKit.framework; sourceTree = BUILT_PRODUCTS_DIR; };
		2A792EDC24C1B7D40050D0CA /* TournamentKit.h */ = {isa = PBXFileReference; lastKnownFileType = sourcecode.c.h; path = TournamentKit.h; sourceTree = "<group>"; };
		2A792EDD24C1B7D40050D0CA /* Info.plist */ = {isa = PBXFileReference; lastKnownFileType = text.plist.xml; path = Info.plist; sourceTree = "<group>"; };
		2A792EE424C1B8030050D0CA /* Match.swift */ = {isa = PBXFileReference; lastKnownFileType = sourcecode.swift; path = Match.swift; sourceTree = "<group>"; };
		2A792EE624C1B8120050D0CA /* Player.swift */ = {isa = PBXFileReference; lastKnownFileType = sourcecode.swift; path = Player.swift; sourceTree = "<group>"; };
		2A792EE824C1B8170050D0CA /* Team.swift */ = {isa = PBXFileReference; lastKnownFileType = sourcecode.swift; path = Team.swift; sourceTree = "<group>"; };
		2A792EEA24C1B8530050D0CA /* MatchParticipation.swift */ = {isa = PBXFileReference; lastKnownFileType = sourcecode.swift; path = MatchParticipation.swift; sourceTree = "<group>"; };
		2A792EEC24C1B9770050D0CA /* MatchType.swift */ = {isa = PBXFileReference; lastKnownFileType = sourcecode.swift; path = MatchType.swift; sourceTree = "<group>"; };
		2A792EEE24C1B9A00050D0CA /* MatchResult.swift */ = {isa = PBXFileReference; lastKnownFileType = sourcecode.swift; path = MatchResult.swift; sourceTree = "<group>"; };
		2A792EF024C1BB6D0050D0CA /* MatchDay.swift */ = {isa = PBXFileReference; lastKnownFileType = sourcecode.swift; path = MatchDay.swift; sourceTree = "<group>"; };
		2A792EF224C1BBE70050D0CA /* Tournament.swift */ = {isa = PBXFileReference; lastKnownFileType = sourcecode.swift; path = Tournament.swift; sourceTree = "<group>"; };
		2A792EF424C1CB1C0050D0CA /* RoundRobinTournament.swift */ = {isa = PBXFileReference; lastKnownFileType = sourcecode.swift; path = RoundRobinTournament.swift; sourceTree = "<group>"; };
		2AD2C76C24C70A2B00126BF5 /* TournamentKitWrongResultsTests.swift */ = {isa = PBXFileReference; lastKnownFileType = sourcecode.swift; path = TournamentKitWrongResultsTests.swift; sourceTree = "<group>"; };
		2AD2C76E24C70A5900126BF5 /* TestHelper.swift */ = {isa = PBXFileReference; lastKnownFileType = sourcecode.swift; path = TestHelper.swift; sourceTree = "<group>"; };
/* End PBXFileReference section */

/* Begin PBXFrameworksBuildPhase section */
		2A15B5C724C64014007980A8 /* Frameworks */ = {
			isa = PBXFrameworksBuildPhase;
			buildActionMask = 2147483647;
			files = (
				2A15B5CF24C64014007980A8 /* TournamentKit.framework in Frameworks */,
			);
			runOnlyForDeploymentPostprocessing = 0;
		};
		2A792ED624C1B7D40050D0CA /* Frameworks */ = {
			isa = PBXFrameworksBuildPhase;
			buildActionMask = 2147483647;
			files = (
			);
			runOnlyForDeploymentPostprocessing = 0;
		};
/* End PBXFrameworksBuildPhase section */

/* Begin PBXGroup section */
		2A15B5CB24C64014007980A8 /* TournamentKitTests */ = {
			isa = PBXGroup;
			children = (
				2A15B5CC24C64014007980A8 /* TournamentKitTests.swift */,
				2AD2C76C24C70A2B00126BF5 /* TournamentKitWrongResultsTests.swift */,
				2AD2C76E24C70A5900126BF5 /* TestHelper.swift */,
				2A15B5DB24C641A4007980A8 /* Structs */,
				2A15B5CE24C64014007980A8 /* Info.plist */,
			);
			path = TournamentKitTests;
			sourceTree = "<group>";
		};
		2A15B5DB24C641A4007980A8 /* Structs */ = {
			isa = PBXGroup;
			children = (
				2A15B5E024C64376007980A8 /* RoundRobinTournament.swift */,
				2A15B5DE24C6434B007980A8 /* MatchDay.swift */,
				2A15B5D924C6418B007980A8 /* Match.swift */,
				2A15B5D724C640C8007980A8 /* MatchResult.swift */,
				2A15B5DC24C641C9007980A8 /* MatchType.swift */,
				2A15B5D524C6401F007980A8 /* Player.swift */,
			);
			path = Structs;
			sourceTree = "<group>";
		};
		2A763B7324C5A8A30007DA57 /* Supporting Files */ = {
			isa = PBXGroup;
			children = (
				2A763B7A24C5A8B50007DA57 /* ScoringOptions.strings */,
				2A763B7D24C5A8B70007DA57 /* ScoringOptions.stringsdict */,
				2A792EDD24C1B7D40050D0CA /* Info.plist */,
			);
			path = "Supporting Files";
			sourceTree = "<group>";
		};
		2A763B8024C5AC210007DA57 /* Logic */ = {
			isa = PBXGroup;
			children = (
				2A763B8124C5AC2C0007DA57 /* TournamentManager.swift */,
				2A763B7124C5A7D80007DA57 /* MatchTypeScoringConfiguration.swift */,
			);
			path = Logic;
			sourceTree = "<group>";
		};
		2A792ECF24C1B7D40050D0CA = {
			isa = PBXGroup;
			children = (
				2A792EDB24C1B7D40050D0CA /* TournamentKit */,
				2A15B5CB24C64014007980A8 /* TournamentKitTests */,
				2A792EDA24C1B7D40050D0CA /* Products */,
			);
			sourceTree = "<group>";
		};
		2A792EDA24C1B7D40050D0CA /* Products */ = {
			isa = PBXGroup;
			children = (
				2A792ED924C1B7D40050D0CA /* TournamentKit.framework */,
				2A15B5CA24C64014007980A8 /* TournamentKitTests.xctest */,
			);
			name = Products;
			sourceTree = "<group>";
		};
		2A792EDB24C1B7D40050D0CA /* TournamentKit */ = {
			isa = PBXGroup;
			children = (
				2A792EDC24C1B7D40050D0CA /* TournamentKit.h */,
				2A792EF224C1BBE70050D0CA /* Tournament.swift */,
				2A792EF424C1CB1C0050D0CA /* RoundRobinTournament.swift */,
				2A792EF024C1BB6D0050D0CA /* MatchDay.swift */,
				2A792EE424C1B8030050D0CA /* Match.swift */,
				2A792EEC24C1B9770050D0CA /* MatchType.swift */,
				2A792EEE24C1B9A00050D0CA /* MatchResult.swift */,
				2A792EEA24C1B8530050D0CA /* MatchParticipation.swift */,
				2A792EE624C1B8120050D0CA /* Player.swift */,
				2A792EE824C1B8170050D0CA /* Team.swift */,
				2A763B8024C5AC210007DA57 /* Logic */,
				2A763B7324C5A8A30007DA57 /* Supporting Files */,
			);
			path = TournamentKit;
			sourceTree = "<group>";
		};
/* End PBXGroup section */

/* Begin PBXHeadersBuildPhase section */
		2A792ED424C1B7D40050D0CA /* Headers */ = {
			isa = PBXHeadersBuildPhase;
			buildActionMask = 2147483647;
			files = (
				2A792EDE24C1B7D40050D0CA /* TournamentKit.h in Headers */,
			);
			runOnlyForDeploymentPostprocessing = 0;
		};
/* End PBXHeadersBuildPhase section */

/* Begin PBXNativeTarget section */
		2A15B5C924C64014007980A8 /* TournamentKitTests */ = {
			isa = PBXNativeTarget;
			buildConfigurationList = 2A15B5D424C64014007980A8 /* Build configuration list for PBXNativeTarget "TournamentKitTests" */;
			buildPhases = (
				2A15B5C624C64014007980A8 /* Sources */,
				2A15B5C724C64014007980A8 /* Frameworks */,
				2A15B5C824C64014007980A8 /* Resources */,
			);
			buildRules = (
			);
			dependencies = (
				2A15B5D124C64014007980A8 /* PBXTargetDependency */,
			);
			name = TournamentKitTests;
			productName = TournamentKitTests;
			productReference = 2A15B5CA24C64014007980A8 /* TournamentKitTests.xctest */;
			productType = "com.apple.product-type.bundle.unit-test";
		};
		2A792ED824C1B7D40050D0CA /* TournamentKit */ = {
			isa = PBXNativeTarget;
			buildConfigurationList = 2A792EE124C1B7D40050D0CA /* Build configuration list for PBXNativeTarget "TournamentKit" */;
			buildPhases = (
				2A792ED424C1B7D40050D0CA /* Headers */,
				2A792ED524C1B7D40050D0CA /* Sources */,
				2A792ED624C1B7D40050D0CA /* Frameworks */,
				2A792ED724C1B7D40050D0CA /* Resources */,
			);
			buildRules = (
			);
			dependencies = (
			);
			name = TournamentKit;
			productName = TournamentKit;
			productReference = 2A792ED924C1B7D40050D0CA /* TournamentKit.framework */;
			productType = "com.apple.product-type.framework";
		};
/* End PBXNativeTarget section */

/* Begin PBXProject section */
		2A792ED024C1B7D40050D0CA /* Project object */ = {
			isa = PBXProject;
			attributes = {
				LastSwiftUpdateCheck = 1160;
				LastUpgradeCheck = 1160;
				ORGANIZATIONNAME = "Jan Wittler";
				TargetAttributes = {
					2A15B5C924C64014007980A8 = {
						CreatedOnToolsVersion = 11.6;
					};
					2A792ED824C1B7D40050D0CA = {
						CreatedOnToolsVersion = 11.6;
						LastSwiftMigration = 1160;
					};
				};
			};
			buildConfigurationList = 2A792ED324C1B7D40050D0CA /* Build configuration list for PBXProject "TournamentKit" */;
			compatibilityVersion = "Xcode 11.0";
			developmentRegion = en;
			hasScannedForEncodings = 0;
			knownRegions = (
				en,
				Base,
				de,
			);
			mainGroup = 2A792ECF24C1B7D40050D0CA;
			productRefGroup = 2A792EDA24C1B7D40050D0CA /* Products */;
			projectDirPath = "";
			projectRoot = "";
			targets = (
				2A792ED824C1B7D40050D0CA /* TournamentKit */,
				2A15B5C924C64014007980A8 /* TournamentKitTests */,
			);
		};
/* End PBXProject section */

/* Begin PBXResourcesBuildPhase section */
		2A15B5C824C64014007980A8 /* Resources */ = {
			isa = PBXResourcesBuildPhase;
			buildActionMask = 2147483647;
			files = (
			);
			runOnlyForDeploymentPostprocessing = 0;
		};
		2A792ED724C1B7D40050D0CA /* Resources */ = {
			isa = PBXResourcesBuildPhase;
			buildActionMask = 2147483647;
			files = (
				2A763B7824C5A8B50007DA57 /* ScoringOptions.strings in Resources */,
				2A763B7B24C5A8B70007DA57 /* ScoringOptions.stringsdict in Resources */,
			);
			runOnlyForDeploymentPostprocessing = 0;
		};
/* End PBXResourcesBuildPhase section */

/* Begin PBXSourcesBuildPhase section */
		2A15B5C624C64014007980A8 /* Sources */ = {
			isa = PBXSourcesBuildPhase;
			buildActionMask = 2147483647;
			files = (
				2A15B5DF24C6434B007980A8 /* MatchDay.swift in Sources */,
				2A15B5E124C64376007980A8 /* RoundRobinTournament.swift in Sources */,
				2A15B5D624C6401F007980A8 /* Player.swift in Sources */,
				2A15B5D824C640C8007980A8 /* MatchResult.swift in Sources */,
				2A15B5CD24C64014007980A8 /* TournamentKitTests.swift in Sources */,
				2A15B5DD24C641C9007980A8 /* MatchType.swift in Sources */,
				2AD2C76F24C70A5900126BF5 /* TestHelper.swift in Sources */,
				2AD2C76D24C70A2C00126BF5 /* TournamentKitWrongResultsTests.swift in Sources */,
				2A15B5DA24C6418B007980A8 /* Match.swift in Sources */,
			);
			runOnlyForDeploymentPostprocessing = 0;
		};
		2A792ED524C1B7D40050D0CA /* Sources */ = {
			isa = PBXSourcesBuildPhase;
			buildActionMask = 2147483647;
			files = (
				2A763B7224C5A7D80007DA57 /* MatchTypeScoringConfiguration.swift in Sources */,
				2A792EF524C1CB1C0050D0CA /* RoundRobinTournament.swift in Sources */,
				2A792EF324C1BBE70050D0CA /* Tournament.swift in Sources */,
				2A792EE924C1B8170050D0CA /* Team.swift in Sources */,
				2A792EE724C1B8120050D0CA /* Player.swift in Sources */,
				2A792EE524C1B8030050D0CA /* Match.swift in Sources */,
				2A792EED24C1B9770050D0CA /* MatchType.swift in Sources */,
				2A792EEF24C1B9A00050D0CA /* MatchResult.swift in Sources */,
				2A792EEB24C1B8530050D0CA /* MatchParticipation.swift in Sources */,
				2A763B8224C5AC2C0007DA57 /* TournamentManager.swift in Sources */,
				2A792EF124C1BB6D0050D0CA /* MatchDay.swift in Sources */,
			);
			runOnlyForDeploymentPostprocessing = 0;
		};
/* End PBXSourcesBuildPhase section */

/* Begin PBXTargetDependency section */
		2A15B5D124C64014007980A8 /* PBXTargetDependency */ = {
			isa = PBXTargetDependency;
			target = 2A792ED824C1B7D40050D0CA /* TournamentKit */;
			targetProxy = 2A15B5D024C64014007980A8 /* PBXContainerItemProxy */;
		};
/* End PBXTargetDependency section */

/* Begin PBXVariantGroup section */
		2A763B7A24C5A8B50007DA57 /* ScoringOptions.strings */ = {
			isa = PBXVariantGroup;
			children = (
				2A763B7924C5A8B50007DA57 /* en */,
				2A763B7E24C5A8C40007DA57 /* de */,
			);
			name = ScoringOptions.strings;
			sourceTree = "<group>";
		};
		2A763B7D24C5A8B70007DA57 /* ScoringOptions.stringsdict */ = {
			isa = PBXVariantGroup;
			children = (
				2A763B7C24C5A8B70007DA57 /* en */,
				2A763B7F24C5A8C40007DA57 /* de */,
			);
			name = ScoringOptions.stringsdict;
			sourceTree = "<group>";
		};
/* End PBXVariantGroup section */

/* Begin XCBuildConfiguration section */
		2A15B5D224C64014007980A8 /* Debug */ = {
			isa = XCBuildConfiguration;
			buildSettings = {
				CODE_SIGN_STYLE = Automatic;
				DEVELOPMENT_TEAM = BYS7D5JGQJ;
				INFOPLIST_FILE = TournamentKitTests/Info.plist;
				IPHONEOS_DEPLOYMENT_TARGET = 13.6;
				LD_RUNPATH_SEARCH_PATHS = (
					"$(inherited)",
					"@executable_path/Frameworks",
					"@loader_path/Frameworks",
				);
				PRODUCT_BUNDLE_IDENTIFIER = com.wittlerDev.TournamentKitTests;
				PRODUCT_NAME = "$(TARGET_NAME)";
				SWIFT_VERSION = 5.0;
				TARGETED_DEVICE_FAMILY = "1,2";
			};
			name = Debug;
		};
		2A15B5D324C64014007980A8 /* Release */ = {
			isa = XCBuildConfiguration;
			buildSettings = {
				CODE_SIGN_STYLE = Automatic;
				DEVELOPMENT_TEAM = BYS7D5JGQJ;
				INFOPLIST_FILE = TournamentKitTests/Info.plist;
				IPHONEOS_DEPLOYMENT_TARGET = 13.6;
				LD_RUNPATH_SEARCH_PATHS = (
					"$(inherited)",
					"@executable_path/Frameworks",
					"@loader_path/Frameworks",
				);
				PRODUCT_BUNDLE_IDENTIFIER = com.wittlerDev.TournamentKitTests;
				PRODUCT_NAME = "$(TARGET_NAME)";
				SWIFT_VERSION = 5.0;
				TARGETED_DEVICE_FAMILY = "1,2";
			};
			name = Release;
		};
		2A792EDF24C1B7D40050D0CA /* Debug */ = {
			isa = XCBuildConfiguration;
			buildSettings = {
				ALWAYS_SEARCH_USER_PATHS = NO;
				CLANG_ANALYZER_LOCALIZABILITY_NONLOCALIZED = YES;
				CLANG_ANALYZER_NONNULL = YES;
				CLANG_ANALYZER_NUMBER_OBJECT_CONVERSION = YES_AGGRESSIVE;
				CLANG_CXX_LANGUAGE_STANDARD = "gnu++14";
				CLANG_CXX_LIBRARY = "libc++";
				CLANG_ENABLE_MODULES = YES;
				CLANG_ENABLE_OBJC_ARC = YES;
				CLANG_ENABLE_OBJC_WEAK = YES;
				CLANG_WARN_BLOCK_CAPTURE_AUTORELEASING = YES;
				CLANG_WARN_BOOL_CONVERSION = YES;
				CLANG_WARN_COMMA = YES;
				CLANG_WARN_CONSTANT_CONVERSION = YES;
				CLANG_WARN_DEPRECATED_OBJC_IMPLEMENTATIONS = YES;
				CLANG_WARN_DIRECT_OBJC_ISA_USAGE = YES_ERROR;
				CLANG_WARN_DOCUMENTATION_COMMENTS = YES;
				CLANG_WARN_EMPTY_BODY = YES;
				CLANG_WARN_ENUM_CONVERSION = YES;
				CLANG_WARN_INFINITE_RECURSION = YES;
				CLANG_WARN_INT_CONVERSION = YES;
				CLANG_WARN_NON_LITERAL_NULL_CONVERSION = YES;
				CLANG_WARN_OBJC_IMPLICIT_RETAIN_SELF = YES;
				CLANG_WARN_OBJC_LITERAL_CONVERSION = YES;
				CLANG_WARN_OBJC_ROOT_CLASS = YES_ERROR;
				CLANG_WARN_RANGE_LOOP_ANALYSIS = YES;
				CLANG_WARN_STRICT_PROTOTYPES = YES;
				CLANG_WARN_SUSPICIOUS_MOVE = YES;
				CLANG_WARN_UNGUARDED_AVAILABILITY = YES_AGGRESSIVE;
				CLANG_WARN_UNREACHABLE_CODE = YES;
				CLANG_WARN__DUPLICATE_METHOD_MATCH = YES;
				COPY_PHASE_STRIP = NO;
				CURRENT_PROJECT_VERSION = 1;
				DEBUG_INFORMATION_FORMAT = dwarf;
				ENABLE_STRICT_OBJC_MSGSEND = YES;
				ENABLE_TESTABILITY = YES;
				GCC_C_LANGUAGE_STANDARD = gnu11;
				GCC_DYNAMIC_NO_PIC = NO;
				GCC_NO_COMMON_BLOCKS = YES;
				GCC_OPTIMIZATION_LEVEL = 0;
				GCC_PREPROCESSOR_DEFINITIONS = (
					"DEBUG=1",
					"$(inherited)",
				);
				GCC_WARN_64_TO_32_BIT_CONVERSION = YES;
				GCC_WARN_ABOUT_RETURN_TYPE = YES_ERROR;
				GCC_WARN_UNDECLARED_SELECTOR = YES;
				GCC_WARN_UNINITIALIZED_AUTOS = YES_AGGRESSIVE;
				GCC_WARN_UNUSED_FUNCTION = YES;
				GCC_WARN_UNUSED_VARIABLE = YES;
				IPHONEOS_DEPLOYMENT_TARGET = 13.0;
				MTL_ENABLE_DEBUG_INFO = INCLUDE_SOURCE;
				MTL_FAST_MATH = YES;
				ONLY_ACTIVE_ARCH = YES;
				SDKROOT = iphoneos;
				SWIFT_ACTIVE_COMPILATION_CONDITIONS = DEBUG;
				SWIFT_OPTIMIZATION_LEVEL = "-Onone";
				VERSIONING_SYSTEM = "apple-generic";
				VERSION_INFO_PREFIX = "";
			};
			name = Debug;
		};
		2A792EE024C1B7D40050D0CA /* Release */ = {
			isa = XCBuildConfiguration;
			buildSettings = {
				ALWAYS_SEARCH_USER_PATHS = NO;
				CLANG_ANALYZER_LOCALIZABILITY_NONLOCALIZED = YES;
				CLANG_ANALYZER_NONNULL = YES;
				CLANG_ANALYZER_NUMBER_OBJECT_CONVERSION = YES_AGGRESSIVE;
				CLANG_CXX_LANGUAGE_STANDARD = "gnu++14";
				CLANG_CXX_LIBRARY = "libc++";
				CLANG_ENABLE_MODULES = YES;
				CLANG_ENABLE_OBJC_ARC = YES;
				CLANG_ENABLE_OBJC_WEAK = YES;
				CLANG_WARN_BLOCK_CAPTURE_AUTORELEASING = YES;
				CLANG_WARN_BOOL_CONVERSION = YES;
				CLANG_WARN_COMMA = YES;
				CLANG_WARN_CONSTANT_CONVERSION = YES;
				CLANG_WARN_DEPRECATED_OBJC_IMPLEMENTATIONS = YES;
				CLANG_WARN_DIRECT_OBJC_ISA_USAGE = YES_ERROR;
				CLANG_WARN_DOCUMENTATION_COMMENTS = YES;
				CLANG_WARN_EMPTY_BODY = YES;
				CLANG_WARN_ENUM_CONVERSION = YES;
				CLANG_WARN_INFINITE_RECURSION = YES;
				CLANG_WARN_INT_CONVERSION = YES;
				CLANG_WARN_NON_LITERAL_NULL_CONVERSION = YES;
				CLANG_WARN_OBJC_IMPLICIT_RETAIN_SELF = YES;
				CLANG_WARN_OBJC_LITERAL_CONVERSION = YES;
				CLANG_WARN_OBJC_ROOT_CLASS = YES_ERROR;
				CLANG_WARN_RANGE_LOOP_ANALYSIS = YES;
				CLANG_WARN_STRICT_PROTOTYPES = YES;
				CLANG_WARN_SUSPICIOUS_MOVE = YES;
				CLANG_WARN_UNGUARDED_AVAILABILITY = YES_AGGRESSIVE;
				CLANG_WARN_UNREACHABLE_CODE = YES;
				CLANG_WARN__DUPLICATE_METHOD_MATCH = YES;
				COPY_PHASE_STRIP = NO;
				CURRENT_PROJECT_VERSION = 1;
				DEBUG_INFORMATION_FORMAT = "dwarf-with-dsym";
				ENABLE_NS_ASSERTIONS = NO;
				ENABLE_STRICT_OBJC_MSGSEND = YES;
				GCC_C_LANGUAGE_STANDARD = gnu11;
				GCC_NO_COMMON_BLOCKS = YES;
				GCC_WARN_64_TO_32_BIT_CONVERSION = YES;
				GCC_WARN_ABOUT_RETURN_TYPE = YES_ERROR;
				GCC_WARN_UNDECLARED_SELECTOR = YES;
				GCC_WARN_UNINITIALIZED_AUTOS = YES_AGGRESSIVE;
				GCC_WARN_UNUSED_FUNCTION = YES;
				GCC_WARN_UNUSED_VARIABLE = YES;
				IPHONEOS_DEPLOYMENT_TARGET = 13.0;
				MTL_ENABLE_DEBUG_INFO = NO;
				MTL_FAST_MATH = YES;
				SDKROOT = iphoneos;
				SWIFT_COMPILATION_MODE = wholemodule;
				SWIFT_OPTIMIZATION_LEVEL = "-O";
				VALIDATE_PRODUCT = YES;
				VERSIONING_SYSTEM = "apple-generic";
				VERSION_INFO_PREFIX = "";
			};
			name = Release;
		};
		2A792EE224C1B7D40050D0CA /* Debug */ = {
			isa = XCBuildConfiguration;
			buildSettings = {
				CLANG_ENABLE_MODULES = YES;
				CODE_SIGN_STYLE = Automatic;
				DEFINES_MODULE = YES;
				DEVELOPMENT_TEAM = BYS7D5JGQJ;
				DYLIB_COMPATIBILITY_VERSION = 1;
				DYLIB_CURRENT_VERSION = 1;
				DYLIB_INSTALL_NAME_BASE = "@rpath";
				INFOPLIST_FILE = "TournamentKit/Supporting Files/Info.plist";
				INSTALL_PATH = "$(LOCAL_LIBRARY_DIR)/Frameworks";
				LD_RUNPATH_SEARCH_PATHS = (
					"$(inherited)",
					"@executable_path/Frameworks",
					"@loader_path/Frameworks",
				);
				PRODUCT_BUNDLE_IDENTIFIER = com.wittlerDev.TournamentKit;
				PRODUCT_NAME = "$(TARGET_NAME:c99extidentifier)";
				SKIP_INSTALL = YES;
				SWIFT_OPTIMIZATION_LEVEL = "-Onone";
				SWIFT_VERSION = 5.0;
				TARGETED_DEVICE_FAMILY = "1,2";
			};
			name = Debug;
		};
		2A792EE324C1B7D40050D0CA /* Release */ = {
			isa = XCBuildConfiguration;
			buildSettings = {
				CLANG_ENABLE_MODULES = YES;
				CODE_SIGN_STYLE = Automatic;
				DEFINES_MODULE = YES;
				DEVELOPMENT_TEAM = BYS7D5JGQJ;
				DYLIB_COMPATIBILITY_VERSION = 1;
				DYLIB_CURRENT_VERSION = 1;
				DYLIB_INSTALL_NAME_BASE = "@rpath";
				INFOPLIST_FILE = "TournamentKit/Supporting Files/Info.plist";
				INSTALL_PATH = "$(LOCAL_LIBRARY_DIR)/Frameworks";
				LD_RUNPATH_SEARCH_PATHS = (
					"$(inherited)",
					"@executable_path/Frameworks",
					"@loader_path/Frameworks",
				);
				PRODUCT_BUNDLE_IDENTIFIER = com.wittlerDev.TournamentKit;
				PRODUCT_NAME = "$(TARGET_NAME:c99extidentifier)";
				SKIP_INSTALL = YES;
				SWIFT_VERSION = 5.0;
				TARGETED_DEVICE_FAMILY = "1,2";
			};
			name = Release;
		};
/* End XCBuildConfiguration section */

/* Begin XCConfigurationList section */
		2A15B5D424C64014007980A8 /* Build configuration list for PBXNativeTarget "TournamentKitTests" */ = {
			isa = XCConfigurationList;
			buildConfigurations = (
				2A15B5D224C64014007980A8 /* Debug */,
				2A15B5D324C64014007980A8 /* Release */,
			);
			defaultConfigurationIsVisible = 0;
			defaultConfigurationName = Release;
		};
		2A792ED324C1B7D40050D0CA /* Build configuration list for PBXProject "TournamentKit" */ = {
			isa = XCConfigurationList;
			buildConfigurations = (
				2A792EDF24C1B7D40050D0CA /* Debug */,
				2A792EE024C1B7D40050D0CA /* Release */,
			);
			defaultConfigurationIsVisible = 0;
			defaultConfigurationName = Release;
		};
		2A792EE124C1B7D40050D0CA /* Build configuration list for PBXNativeTarget "TournamentKit" */ = {
			isa = XCConfigurationList;
			buildConfigurations = (
				2A792EE224C1B7D40050D0CA /* Debug */,
				2A792EE324C1B7D40050D0CA /* Release */,
			);
			defaultConfigurationIsVisible = 0;
			defaultConfigurationName = Release;
		};
/* End XCConfigurationList section */
	};
	rootObject = 2A792ED024C1B7D40050D0CA /* Project object */;
}
